<?xml version="1.0" encoding="utf-8"?>
<Project ToolsVersion="15.0" xmlns="http://schemas.microsoft.com/developer/msbuild/2003">
  <ItemGroup>
    <Filter Include="Header Files">
      <UniqueIdentifier>{40465782-00cc-4852-a935-407987496e08}</UniqueIdentifier>
    </Filter>
    <Filter Include="Resource Files">
      <UniqueIdentifier>{301fb3ea-30ca-49a4-b76d-6f1ebf1d7dc9}</UniqueIdentifier>
    </Filter>
    <Filter Include="Source Files">
      <UniqueIdentifier>{3cc8d7df-cd7c-45c2-be0c-8a92fa02ae22}</UniqueIdentifier>
    </Filter>
  </ItemGroup>
</Project>